github.com/google/uuid v1.3.0 h1:t6JiXgmwXMjEs8VusXIJk2BXHsn+wx8BZdTaoZ5fu7I=
github.com/google/uuid v1.3.0/go.mod h1:TIyPZe4MgqvfeYDBFedMoGGpEw/LqOeaOT+nhxU+yHo=
github.com/lib/pq v1.10.9 h1:YXG7RB+JIjhP29X+OtkiDnYaXQwpS4JEWq7dtCCRUEw=
github.com/lib/pq v1.10.9/go.mod h1:AlVN5x4E4T544tWzH6hKfbfQvm3HdbOxrmggDNAPY9o=
golang.org/x/exp v0.0.0-20230425010034-47ecfdc1ba53 h1:5llv2sWeaMSnA3w2kS57ouQQ4pudlXrR0dCgw51QK9o=
golang.org/x/exp v0.0.0-20230425010034-47ecfdc1ba53/go.mod h1:V1LtkGg67GoY2N1AnLN78QLrzxkLyJw7RJb1gzOOz9w=
miniflux.app v0.0.0-20230505000442-88062ab9f959 h1:YzOQqdFtI6HYRmz8+xVZbqcrVoaC3X4x/pB2DDID//c=
miniflux.app v0.0.0-20230505000442-88062ab9f959/go.mod h1:VWCACdWTG2GzFFifM2i9hVK91mZxmPvZCdHzYGheNOE=
